
Microsoft Visual Studio Solution File, Format Version 12.00
# Visual Studio Version 17
VisualStudioVersion = 17.11.35327.3
MinimumVisualStudioVersion = 10.0.40219.1
Project("{FAE04EC0-301F-11D3-BF4B-00C04F79EFBC}") = "Api-BarberShop", "Api-BarberShop\Api-BarberShop.csproj", "{738DB472-2B27-4441-9128-4C87C76E0228}"
EndProject
Global
	GlobalSection(SolutionConfigurationPlatforms) = preSolution
		Debug|Any CPU = Debug|Any CPU
		Release|Any CPU = Release|Any CPU
	EndGlobalSection
	GlobalSection(ProjectConfigurationPlatforms) = postSolution
		{738DB472-2B27-4441-9128-4C87C76E0228}.Debug|Any CPU.ActiveCfg = Debug|Any CPU
		{738DB472-2B27-4441-9128-4C87C76E0228}.Debug|Any CPU.Build.0 = Debug|Any CPU
		{738DB472-2B27-4441-9128-4C87C76E0228}.Release|Any CPU.ActiveCfg = Release|Any CPU
		{738DB472-2B27-4441-9128-4C87C76E0228}.Release|Any CPU.Build.0 = Release|Any CPU
	EndGlobalSection
	GlobalSection(SolutionProperties) = preSolution
		HideSolutionNode = FALSE
	EndGlobalSection
	GlobalSection(ExtensibilityGlobals) = postSolution
		SolutionGuid = {6375C91D-A53F-4A8D-8CC8-CAD2DE9CFE8F}
	EndGlobalSection
EndGlobal
